
Microsoft Visual Studio Solution File, Format Version 12.00
# Visual Studio Version 16
VisualStudioVersion = 16.0.31911.196
MinimumVisualStudioVersion = 10.0.40219.1
Project("{8BC9CEB8-8B4A-11D0-8D11-00A0C91BC942}") = "ConsoleApplication1", "ConsoleApplication1\ConsoleApplication1.vcxproj", "{9DE8C9AA-3AB3-4DFD-85CD-604B75AC1216}"
EndProject
Global
	GlobalSection(SolutionConfigurationPlatforms) = preSolution
		Debug|x64 = Debug|x64
		Debug|x86 = Debug|x86
		Release|x64 = Release|x64
		Release|x86 = Release|x86
	EndGlobalSection
	GlobalSection(ProjectConfigurationPlatforms) = postSolution
		{9DE8C9AA-3AB3-4DFD-85CD-604B75AC1216}.Debug|x64.ActiveCfg = Debug|x64
		{9DE8C9AA-3AB3-4DFD-85CD-604B75AC1216}.Debug|x64.Build.0 = Debug|x64
		{9DE8C9AA-3AB3-4DFD-85CD-604B75AC1216}.Debug|x86.ActiveCfg = Debug|Win32
		{9DE8C9AA-3AB3-4DFD-85CD-604B75AC1216}.Debug|x86.Build.0 = Debug|Win32
		{9DE8C9AA-3AB3-4DFD-85CD-604B75AC1216}.Release|x64.ActiveCfg = Release|x64
		{9DE8C9AA-3AB3-4DFD-85CD-604B75AC1216}.Release|x64.Build.0 = Release|x64
		{9DE8C9AA-3AB3-4DFD-85CD-604B75AC1216}.Release|x86.ActiveCfg = Release|Win32
		{9DE8C9AA-3AB3-4DFD-85CD-604B75AC1216}.Release|x86.Build.0 = Release|Win32
	EndGlobalSection
	GlobalSection(SolutionProperties) = preSolution
		HideSolutionNode = FALSE
	EndGlobalSection
	GlobalSection(ExtensibilityGlobals) = postSolution
		SolutionGuid = {9F59185E-B958-4ED3-A18C-595F36F30E5B}
	EndGlobalSection
EndGlobal
